
Microsoft Visual Studio Solution File, Format Version 12.00
# Visual Studio Version 16
VisualStudioVersion = 16.0.29728.190
MinimumVisualStudioVersion = 10.0.40219.1
Project("{FAE04EC0-301F-11D3-BF4B-00C04F79EFBC}") = "WixLab.WpfApp", "WixLab.WpfApp\WixLab.WpfApp.csproj", "{1E6E338D-3C3F-4032-AD46-895B5C40CC25}"
EndProject
Project("{930C7802-8A8C-48F9-8165-68863BCCD9DD}") = "WixLab.Setup", "WixLab.Setup\WixLab.Setup.wixproj", "{7BB32F51-766A-4E6E-8E1F-EEC913690F56}"
EndProject
Global
	GlobalSection(SolutionConfigurationPlatforms) = preSolution
		Debug|Any CPU = Debug|Any CPU
		Debug|x86 = Debug|x86
		Release|Any CPU = Release|Any CPU
		Release|x86 = Release|x86
	EndGlobalSection
	GlobalSection(ProjectConfigurationPlatforms) = postSolution
		{1E6E338D-3C3F-4032-AD46-895B5C40CC25}.Debug|Any CPU.ActiveCfg = Debug|Any CPU
		{1E6E338D-3C3F-4032-AD46-895B5C40CC25}.Debug|Any CPU.Build.0 = Debug|Any CPU
		{1E6E338D-3C3F-4032-AD46-895B5C40CC25}.Debug|x86.ActiveCfg = Debug|Any CPU
		{1E6E338D-3C3F-4032-AD46-895B5C40CC25}.Debug|x86.Build.0 = Debug|Any CPU
		{1E6E338D-3C3F-4032-AD46-895B5C40CC25}.Release|Any CPU.ActiveCfg = Release|Any CPU
		{1E6E338D-3C3F-4032-AD46-895B5C40CC25}.Release|Any CPU.Build.0 = Release|Any CPU
		{1E6E338D-3C3F-4032-AD46-895B5C40CC25}.Release|x86.ActiveCfg = Release|Any CPU
		{1E6E338D-3C3F-4032-AD46-895B5C40CC25}.Release|x86.Build.0 = Release|Any CPU
		{7BB32F51-766A-4E6E-8E1F-EEC913690F56}.Debug|Any CPU.ActiveCfg = Debug|x86
		{7BB32F51-766A-4E6E-8E1F-EEC913690F56}.Debug|x86.ActiveCfg = Debug|x86
		{7BB32F51-766A-4E6E-8E1F-EEC913690F56}.Debug|x86.Build.0 = Debug|x86
		{7BB32F51-766A-4E6E-8E1F-EEC913690F56}.Release|Any CPU.ActiveCfg = Release|x86
		{7BB32F51-766A-4E6E-8E1F-EEC913690F56}.Release|x86.ActiveCfg = Release|x86
		{7BB32F51-766A-4E6E-8E1F-EEC913690F56}.Release|x86.Build.0 = Release|x86
	EndGlobalSection
	GlobalSection(SolutionProperties) = preSolution
		HideSolutionNode = FALSE
	EndGlobalSection
	GlobalSection(ExtensibilityGlobals) = postSolution
		SolutionGuid = {30CE9339-9F1C-40A1-AC00-D75DA0ED8F0D}
	EndGlobalSection
EndGlobal
